{"format_version":"1.0","provider_schemas":{"registry.terraform.io/jkossis/garage":{"provider":{"version":0,"block":{"attributes":{"endpoint":{"type":"string","description":"The Garage Admin API endpoint URL. Can also be set via the GARAGE_ENDPOINT environment variable.","description_kind":"markdown","optional":true},"token":{"type":"string","description":"The Garage Admin API bearer token. Can also be set via the GARAGE_TOKEN environment variable.","description_kind":"markdown","optional":true,"sensitive":true}},"description":"Terraform provider for managing Garage S3 buckets via the Garage Admin API.","description_kind":"markdown"}},"resource_schemas":{"garage_bucket":{"version":0,"block":{"attributes":{"global_alias":{"type":"string","description":"The global alias (name) for the bucket.","description_kind":"markdown","required":true},"id":{"type":"string","description":"The unique identifier of the bucket.","description_kind":"markdown","computed":true},"max_objects":{"type":"number","description":"Maximum number of objects in the bucket. Leave unset for unlimited.","description_kind":"markdown","optional":true},"max_size":{"type":"number","description":"Maximum size of the bucket in bytes. Leave unset for unlimited.","description_kind":"markdown","optional":true},"website_enabled":{"type":"bool","description":"Enable website hosting for this bucket.","description_kind":"markdown","optional":true,"computed":true},"website_error_document":{"type":"string","description":"The error document for website hosting (e.g., 'error.html').","description_kind":"markdown","optional":true},"website_index_document":{"type":"string","description":"The index document for website hosting (e.g., 'index.html').","description_kind":"markdown","optional":true}},"description":"Manages a Garage S3 bucket.","description_kind":"markdown"}},"garage_bucket_permission":{"version":0,"block":{"attributes":{"access_key_id":{"type":"string","description":"The ID of the access key.","description_kind":"markdown","required":true},"bucket_id":{"type":"string","description":"The ID of the bucket.","description_kind":"markdown","required":true},"id":{"type":"string","description":"The unique identifier of the permission (format: bucket_id/access_key_id).","description_kind":"markdown","computed":true},"owner":{"type":"bool","description":"Grant owner permission to the access key.","description_kind":"markdown","optional":true,"computed":true},"read":{"type":"bool","description":"Grant read permission to the access key.","description_kind":"markdown","optional":true,"computed":true},"write":{"type":"bool","description":"Grant write permission to the access key.","description_kind":"markdown","optional":true,"computed":true}},"description":"Manages permissions for an access key on a Garage S3 bucket.","description_kind":"markdown"}},"garage_key":{"version":0,"block":{"attributes":{"id":{"type":"string","description":"The access key ID. If not provided, one will be generated.","description_kind":"markdown","optional":true,"computed":true},"name":{"type":"string","description":"A human-friendly name for the access key.","description_kind":"markdown","optional":true,"computed":true},"secret_access_key":{"type":"string","description":"The secret access key. If not provided, one will be generated (only available on creation).","description_kind":"markdown","optional":true,"computed":true,"sensitive":true}},"description":"Manages a Garage access key.","description_kind":"markdown"}}},"data_source_schemas":{"garage_bucket":{"version":0,"block":{"attributes":{"bytes":{"type":"number","description":"Current size of the bucket in bytes.","description_kind":"markdown","computed":true},"global_alias":{"type":"string","description":"The primary global alias (name) of the bucket. Either id or global_alias must be specified.","description_kind":"markdown","optional":true,"computed":true},"global_aliases":{"type":["list","string"],"description":"All global aliases for this bucket.","description_kind":"markdown","computed":true},"id":{"type":"string","description":"The unique identifier of the bucket. Either id or global_alias must be specified.","description_kind":"markdown","optional":true,"computed":true},"max_objects":{"type":"number","description":"Maximum number of objects in the bucket.","description_kind":"markdown","computed":true},"max_size":{"type":"number","description":"Maximum size of the bucket in bytes.","description_kind":"markdown","computed":true},"objects":{"type":"number","description":"Current number of objects in the bucket.","description_kind":"markdown","computed":true},"unfinished_uploads":{"type":"number","description":"Number of unfinished multipart uploads.","description_kind":"markdown","computed":true},"website_enabled":{"type":"bool","description":"Whether website hosting is enabled for this bucket.","description_kind":"markdown","computed":true},"website_error_document":{"type":"string","description":"The error document for website hosting.","description_kind":"markdown","computed":true},"website_index_document":{"type":"string","description":"The index document for website hosting.","description_kind":"markdown","computed":true}},"description":"Retrieves information about a Garage S3 bucket.","description_kind":"markdown"}}}}}}
